
Microsoft Visual Studio Solution File, Format Version 12.00
# Visual Studio 15
Project("{FAE04EC0-301F-11D3-BF4B-00C04F79EFBC}") = "Assembly-CSharp", "Assembly-CSharp.csproj", "{1DAAD295-164E-9088-DB7F-765B93F61450}"
EndProject
Project("{FAE04EC0-301F-11D3-BF4B-00C04F79EFBC}") = "Assembly-CSharp-Editor", "Assembly-CSharp-Editor.csproj", "{65CE7C5B-AC73-29D8-38DB-230AB7D08787}"
EndProject
Global
	GlobalSection(SolutionConfigurationPlatforms) = preSolution
		Debug|Any CPU = Debug|Any CPU
		Release|Any CPU = Release|Any CPU
	EndGlobalSection
	GlobalSection(ProjectConfigurationPlatforms) = postSolution
		{1DAAD295-164E-9088-DB7F-765B93F61450}.Debug|Any CPU.ActiveCfg = Debug|Any CPU
		{1DAAD295-164E-9088-DB7F-765B93F61450}.Debug|Any CPU.Build.0 = Debug|Any CPU
		{1DAAD295-164E-9088-DB7F-765B93F61450}.Release|Any CPU.ActiveCfg = Release|Any CPU
		{1DAAD295-164E-9088-DB7F-765B93F61450}.Release|Any CPU.Build.0 = Release|Any CPU
		{65CE7C5B-AC73-29D8-38DB-230AB7D08787}.Debug|Any CPU.ActiveCfg = Debug|Any CPU
		{65CE7C5B-AC73-29D8-38DB-230AB7D08787}.Debug|Any CPU.Build.0 = Debug|Any CPU
		{65CE7C5B-AC73-29D8-38DB-230AB7D08787}.Release|Any CPU.ActiveCfg = Release|Any CPU
		{65CE7C5B-AC73-29D8-38DB-230AB7D08787}.Release|Any CPU.Build.0 = Release|Any CPU
	EndGlobalSection
	GlobalSection(SolutionProperties) = preSolution
		HideSolutionNode = FALSE
	EndGlobalSection
EndGlobal
