
Microsoft Visual Studio Solution File, Format Version 12.00
# Visual Studio 15
Project("{FAE04EC0-301F-11D3-BF4B-00C04F79EFBC}") = "Assembly-CSharp", "Assembly-CSharp.csproj", "{F109C73C-E691-70E2-1543-4AA1C52391D2}"
EndProject
Global
	GlobalSection(SolutionConfigurationPlatforms) = preSolution
		Debug|Any CPU = Debug|Any CPU
		Release|Any CPU = Release|Any CPU
	EndGlobalSection
	GlobalSection(ProjectConfigurationPlatforms) = postSolution
		{F109C73C-E691-70E2-1543-4AA1C52391D2}.Debug|Any CPU.ActiveCfg = Debug|Any CPU
		{F109C73C-E691-70E2-1543-4AA1C52391D2}.Debug|Any CPU.Build.0 = Debug|Any CPU
		{F109C73C-E691-70E2-1543-4AA1C52391D2}.Release|Any CPU.ActiveCfg = Release|Any CPU
		{F109C73C-E691-70E2-1543-4AA1C52391D2}.Release|Any CPU.Build.0 = Release|Any CPU
	EndGlobalSection
	GlobalSection(SolutionProperties) = preSolution
		HideSolutionNode = FALSE
	EndGlobalSection
EndGlobal
